
Microsoft Visual Studio Solution File, Format Version 12.00
# Visual Studio Version 17
VisualStudioVersion = 17.7.34221.43
MinimumVisualStudioVersion = 10.0.40219.1
Project("{E24C65DC-7377-472B-9ABA-BC803B73C61A}") = "segip", "segip\", "{2B682F86-C5C8-4292-A371-904F240543BE}"
	ProjectSection(WebsiteProperties) = preProject
		TargetFrameworkMoniker = ".NETFramework,Version%3Dv4.7.2"
		Debug.AspNetCompiler.VirtualPath = "/localhost_64543"
		Debug.AspNetCompiler.PhysicalPath = "segip\"
		Debug.AspNetCompiler.TargetPath = "PrecompiledWeb\localhost_64543\"
		Debug.AspNetCompiler.Updateable = "true"
		Debug.AspNetCompiler.ForceOverwrite = "true"
		Debug.AspNetCompiler.FixedNames = "false"
		Debug.AspNetCompiler.Debug = "True"
		Release.AspNetCompiler.VirtualPath = "/localhost_64543"
		Release.AspNetCompiler.PhysicalPath = "segip\"
		Release.AspNetCompiler.TargetPath = "PrecompiledWeb\localhost_64543\"
		Release.AspNetCompiler.Updateable = "true"
		Release.AspNetCompiler.ForceOverwrite = "true"
		Release.AspNetCompiler.FixedNames = "false"
		Release.AspNetCompiler.Debug = "False"
		VWDPort = "64543"
		SlnRelativePath = "segip\"
		DefaultWebSiteLanguage = "Visual C#"
	EndProjectSection
EndProject
Global
	GlobalSection(SolutionConfigurationPlatforms) = preSolution
		Debug|Any CPU = Debug|Any CPU
	EndGlobalSection
	GlobalSection(ProjectConfigurationPlatforms) = postSolution
		{2B682F86-C5C8-4292-A371-904F240543BE}.Debug|Any CPU.ActiveCfg = Debug|Any CPU
		{2B682F86-C5C8-4292-A371-904F240543BE}.Debug|Any CPU.Build.0 = Debug|Any CPU
	EndGlobalSection
	GlobalSection(SolutionProperties) = preSolution
		HideSolutionNode = FALSE
	EndGlobalSection
	GlobalSection(ExtensibilityGlobals) = postSolution
		SolutionGuid = {52481C75-BE90-433D-BF76-8B20100AE90B}
	EndGlobalSection
EndGlobal
